
Microsoft Visual Studio Solution File, Format Version 12.00
# Visual Studio Version 17
VisualStudioVersion = 17.5.33516.290
MinimumVisualStudioVersion = 10.0.40219.1
Project("{FAE04EC0-301F-11D3-BF4B-00C04F79EFBC}") = "contactAPI", "contactAPI\contactAPI.csproj", "{1980E152-7D1A-4D46-B0D0-90E6ED71A699}"
EndProject
Global
	GlobalSection(SolutionConfigurationPlatforms) = preSolution
		Debug|Any CPU = Debug|Any CPU
		Release|Any CPU = Release|Any CPU
	EndGlobalSection
	GlobalSection(ProjectConfigurationPlatforms) = postSolution
		{1980E152-7D1A-4D46-B0D0-90E6ED71A699}.Debug|Any CPU.ActiveCfg = Debug|Any CPU
		{1980E152-7D1A-4D46-B0D0-90E6ED71A699}.Debug|Any CPU.Build.0 = Debug|Any CPU
		{1980E152-7D1A-4D46-B0D0-90E6ED71A699}.Release|Any CPU.ActiveCfg = Release|Any CPU
		{1980E152-7D1A-4D46-B0D0-90E6ED71A699}.Release|Any CPU.Build.0 = Release|Any CPU
	EndGlobalSection
	GlobalSection(SolutionProperties) = preSolution
		HideSolutionNode = FALSE
	EndGlobalSection
	GlobalSection(ExtensibilityGlobals) = postSolution
		SolutionGuid = {16BC6626-E499-49C0-9EEA-73793C8BED69}
	EndGlobalSection
EndGlobal
